
Microsoft Visual Studio Solution File, Format Version 12.00
# Visual Studio Version 16
VisualStudioVersion = 25.0.1706.2
MinimumVisualStudioVersion = 10.0.40219.1
Project("{FAE04EC0-301F-11D3-BF4B-00C04F79EFBC}") = "ActionWork", "ActionWork\ActionWork.csproj", "{72BCBC78-6CE5-4990-ACC8-8E0C324FC8BB}"
EndProject
Project("{FAE04EC0-301F-11D3-BF4B-00C04F79EFBC}") = "ActionWork.Test", "ActionWork.Test\ActionWork.Test.csproj", "{C11CD683-1FBA-4AEE-8A7A-2D7A51BB34DB}"
EndProject
Global
	GlobalSection(SolutionConfigurationPlatforms) = preSolution
		Debug|Any CPU = Debug|Any CPU
		Release|Any CPU = Release|Any CPU
	EndGlobalSection
	GlobalSection(ProjectConfigurationPlatforms) = postSolution
		{72BCBC78-6CE5-4990-ACC8-8E0C324FC8BB}.Debug|Any CPU.ActiveCfg = Debug|Any CPU
		{72BCBC78-6CE5-4990-ACC8-8E0C324FC8BB}.Debug|Any CPU.Build.0 = Debug|Any CPU
		{72BCBC78-6CE5-4990-ACC8-8E0C324FC8BB}.Release|Any CPU.ActiveCfg = Release|Any CPU
		{72BCBC78-6CE5-4990-ACC8-8E0C324FC8BB}.Release|Any CPU.Build.0 = Release|Any CPU
		{C11CD683-1FBA-4AEE-8A7A-2D7A51BB34DB}.Debug|Any CPU.ActiveCfg = Debug|Any CPU
		{C11CD683-1FBA-4AEE-8A7A-2D7A51BB34DB}.Debug|Any CPU.Build.0 = Debug|Any CPU
		{C11CD683-1FBA-4AEE-8A7A-2D7A51BB34DB}.Release|Any CPU.ActiveCfg = Release|Any CPU
		{C11CD683-1FBA-4AEE-8A7A-2D7A51BB34DB}.Release|Any CPU.Build.0 = Release|Any CPU
	EndGlobalSection
	GlobalSection(SolutionProperties) = preSolution
		HideSolutionNode = FALSE
	EndGlobalSection
	GlobalSection(ExtensibilityGlobals) = postSolution
		SolutionGuid = {20496C4A-A7BF-4C35-8BCD-6D5EA0571C19}
	EndGlobalSection
EndGlobal
